
Microsoft Visual Studio Solution File, Format Version 12.00
# Visual Studio Version 17
VisualStudioVersion = 17.11.35303.130
MinimumVisualStudioVersion = 10.0.40219.1
Project("{FAE04EC0-301F-11D3-BF4B-00C04F79EFBC}") = "HealthBar", "HealthBar\HealthBar.csproj", "{DC162BD3-6FA6-420D-8B4F-920C6B513EB5}"
EndProject
Global
	GlobalSection(SolutionConfigurationPlatforms) = preSolution
		Debug|Any CPU = Debug|Any CPU
		Release|Any CPU = Release|Any CPU
	EndGlobalSection
	GlobalSection(ProjectConfigurationPlatforms) = postSolution
		{DC162BD3-6FA6-420D-8B4F-920C6B513EB5}.Debug|Any CPU.ActiveCfg = Debug|Any CPU
		{DC162BD3-6FA6-420D-8B4F-920C6B513EB5}.Debug|Any CPU.Build.0 = Debug|Any CPU
		{DC162BD3-6FA6-420D-8B4F-920C6B513EB5}.Release|Any CPU.ActiveCfg = Release|Any CPU
		{DC162BD3-6FA6-420D-8B4F-920C6B513EB5}.Release|Any CPU.Build.0 = Release|Any CPU
	EndGlobalSection
	GlobalSection(SolutionProperties) = preSolution
		HideSolutionNode = FALSE
	EndGlobalSection
	GlobalSection(ExtensibilityGlobals) = postSolution
		SolutionGuid = {D5C0561D-C631-41B3-9EA7-C0BBF90824CF}
	EndGlobalSection
EndGlobal
